// !$*UTF8*$!
{
	archiveVersion = 1;
	classes = {
	};
	objectVersion = 77;
	objects = {

/* Begin PBXBuildFile section */
		TA0000000000000000000001 /* TalkieCore in Frameworks */ = {isa = PBXBuildFile; productRef = TA0000000000000000000002 /* TalkieCore */; };
/* End PBXBuildFile section */

/* Begin PBXFileReference section */
		TA0000000000000000000003 /* Talkie.app */ = {isa = PBXFileReference; explicitFileType = wrapper.application; includeInIndex = 0; path = Talkie.app; sourceTree = BUILT_PRODUCTS_DIR; };
/* End PBXFileReference section */

/* Begin PBXFileSystemSynchronizedRootGroup section */
		TA0000000000000000000004 /* Talkie */ = {
			isa = PBXFileSystemSynchronizedRootGroup;
			path = Talkie;
			sourceTree = "<group>";
		};
/* End PBXFileSystemSynchronizedRootGroup section */

/* Begin PBXFrameworksBuildPhase section */
		TA0000000000000000000005 /* Frameworks */ = {
			isa = PBXFrameworksBuildPhase;
			buildActionMask = 2147483647;
			files = (
				TA0000000000000000000001 /* TalkieCore in Frameworks */,
			);
			runOnlyForDeploymentPostprocessing = 0;
		};
/* End PBXFrameworksBuildPhase section */

/* Begin PBXGroup section */
		TA0000000000000000000006 = {
			isa = PBXGroup;
			children = (
				TA0000000000000000000004 /* Talkie */,
				TA0000000000000000000007 /* Packages */,
				TA0000000000000000000008 /* Products */,
			);
			sourceTree = "<group>";
		};
		TA0000000000000000000007 /* Packages */ = {
			isa = PBXGroup;
			children = (
			);
			name = Packages;
			sourceTree = "<group>";
		};
		TA0000000000000000000008 /* Products */ = {
			isa = PBXGroup;
			children = (
				TA0000000000000000000003 /* Talkie.app */,
			);
			name = Products;
			sourceTree = "<group>";
		};
/* End PBXGroup section */

/* Begin PBXNativeTarget section */
		TA0000000000000000000009 /* Talkie */ = {
			isa = PBXNativeTarget;
			buildConfigurationList = TA000000000000000000000A /* Build configuration list for PBXNativeTarget "Talkie" */;
			buildPhases = (
				TA000000000000000000000B /* Sources */,
				TA0000000000000000000005 /* Frameworks */,
				TA000000000000000000000C /* Resources */,
			);
			buildRules = (
			);
			dependencies = (
			);
			fileSystemSynchronizedGroups = (
				TA0000000000000000000004 /* Talkie */,
			);
			name = Talkie;
			packageProductDependencies = (
				TA0000000000000000000002 /* TalkieCore */,
			);
			productName = Talkie;
			productReference = TA0000000000000000000003 /* Talkie.app */;
			productType = "com.apple.product-type.application";
		};
/* End PBXNativeTarget section */

/* Begin PBXProject section */
		TA000000000000000000000D /* Project object */ = {
			isa = PBXProject;
			attributes = {
				BuildIndependentTargetsInParallel = 1;
				LastSwiftUpdateCheck = 2660;
				LastUpgradeCheck = 2660;
				TargetAttributes = {
					TA0000000000000000000009 = {
						CreatedOnToolsVersion = 26.6;
					};
				};
			};
			buildConfigurationList = TA000000000000000000000E /* Build configuration list for PBXProject "Talkie" */;
			developmentRegion = en;
			hasScannedForEncodings = 0;
			knownRegions = (
				en,
				Base,
			);
			mainGroup = TA0000000000000000000006;
			minimizedProjectReferenceProxies = 1;
			packageReferences = (
				TA000000000000000000000F /* XCLocalSwiftPackageReference "TalkieCore" */,
			);
			preferredProjectObjectVersion = 77;
			productRefGroup = TA0000000000000000000008 /* Products */;
			projectDirPath = "";
			projectRoot = "";
			targets = (
				TA0000000000000000000009 /* Talkie */,
			);
		};
/* End PBXProject section */

/* Begin PBXResourcesBuildPhase section */
		TA000000000000000000000C /* Resources */ = {
			isa = PBXResourcesBuildPhase;
			buildActionMask = 2147483647;
			files = (
			);
			runOnlyForDeploymentPostprocessing = 0;
		};
/* End PBXResourcesBuildPhase section */

/* Begin PBXSourcesBuildPhase section */
		TA000000000000000000000B /* Sources */ = {
			isa = PBXSourcesBuildPhase;
			buildActionMask = 2147483647;
			files = (
			);
			runOnlyForDeploymentPostprocessing = 0;
		};
/* End PBXSourcesBuildPhase section */

/* Begin XCBuildConfiguration section */
		TA0000000000000000000010 /* Debug */ = {
			isa = XCBuildConfiguration;
			buildSettings = {
				ALWAYS_SEARCH_USER_PATHS = NO;
				ASSETCATALOG_COMPILER_GENERATE_ASSET_SYMBOL_FRAMEWORKS = SwiftUI;
				CLANG_ANALYZER_NONNULL = YES;
				CLANG_ENABLE_MODULES = YES;
				CLANG_ENABLE_OBJC_ARC = YES;
				CLANG_WARN_DOCUMENTATION_COMMENTS = YES;
				CLANG_WARN_UNGUARDED_AVAILABILITY = YES_AGGRESSIVE;
				COPY_PHASE_STRIP = NO;
				DEBUG_INFORMATION_FORMAT = dwarf;
				ENABLE_STRICT_OBJC_MSGSEND = YES;
				ENABLE_TESTABILITY = YES;
				GCC_NO_COMMON_BLOCKS = YES;
				GCC_OPTIMIZATION_LEVEL = 0;
				GCC_PREPROCESSOR_DEFINITIONS = (
					"DEBUG=1",
					"$(inherited)",
				);
				GCC_WARN_UNDECLARED_SELECTOR = YES;
				GCC_WARN_UNUSED_FUNCTION = YES;
				GCC_WARN_UNUSED_VARIABLE = YES;
				IPHONEOS_DEPLOYMENT_TARGET = 18.0;
				LOCALIZATION_PREFERS_STRING_CATALOGS = YES;
				MTL_ENABLE_DEBUG_INFO = INCLUDE_SOURCE;
				ONLY_ACTIVE_ARCH = YES;
				SDKROOT = iphoneos;
				SWIFT_ACTIVE_COMPILATION_CONDITIONS = "DEBUG $(inherited)";
				SWIFT_EMIT_LOC_STRINGS = YES;
				SWIFT_OPTIMIZATION_LEVEL = "-Onone";
			};
			name = Debug;
		};
		TA0000000000000000000011 /* Release */ = {
			isa = XCBuildConfiguration;
			buildSettings = {
				ALWAYS_SEARCH_USER_PATHS = NO;
				ASSETCATALOG_COMPILER_GENERATE_ASSET_SYMBOL_FRAMEWORKS = SwiftUI;
				CLANG_ANALYZER_NONNULL = YES;
				CLANG_ENABLE_MODULES = YES;
				CLANG_ENABLE_OBJC_ARC = YES;
				CLANG_WARN_DOCUMENTATION_COMMENTS = YES;
				CLANG_WARN_UNGUARDED_AVAILABILITY = YES_AGGRESSIVE;
				COPY_PHASE_STRIP = NO;
				DEBUG_INFORMATION_FORMAT = "dwarf-with-dsym";
				ENABLE_NS_ASSERTIONS = NO;
				ENABLE_STRICT_OBJC_MSGSEND = YES;
				GCC_NO_COMMON_BLOCKS = YES;
				GCC_WARN_UNDECLARED_SELECTOR = YES;
				GCC_WARN_UNUSED_FUNCTION = YES;
				GCC_WARN_UNUSED_VARIABLE = YES;
				IPHONEOS_DEPLOYMENT_TARGET = 18.0;
				LOCALIZATION_PREFERS_STRING_CATALOGS = YES;
				MTL_ENABLE_DEBUG_INFO = NO;
				SDKROOT = iphoneos;
				SWIFT_COMPILATION_MODE = wholemodule;
				SWIFT_EMIT_LOC_STRINGS = YES;
				VALIDATE_PRODUCT = YES;
			};
			name = Release;
		};
		TA0000000000000000000012 /* Debug */ = {
			isa = XCBuildConfiguration;
			buildSettings = {
				ASSETCATALOG_COMPILER_APPICON_NAME = AppIcon;
				ASSETCATALOG_COMPILER_GENERATE_SWIFT_ASSET_SYMBOL_EXTENSIONS = YES;
				CODE_SIGN_STYLE = Automatic;
				CURRENT_PROJECT_VERSION = 1;
				DEVELOPMENT_TEAM = NVMKNFR76J;
				ENABLE_PREVIEWS = YES;
				GENERATE_INFOPLIST_FILE = YES;
				INFOPLIST_FILE = Config/Info.plist;
				INFOPLIST_KEY_CFBundleDisplayName = Talkie;
				INFOPLIST_KEY_NSBluetoothAlwaysUsageDescription = "Talkie uses Bluetooth to connect directly to a nearby iPhone so you can talk without a network.";
				INFOPLIST_KEY_NSCameraUsageDescription = "Talkie uses the camera to scan a channel's QR code so you can join it.";
				INFOPLIST_KEY_NSMicrophoneUsageDescription = "Talkie uses the microphone to send your voice to the person you are talking to.";
				INFOPLIST_KEY_UIApplicationSupportsIndirectInputEvents = YES;
				INFOPLIST_KEY_UILaunchScreen_Generation = YES;
				INFOPLIST_KEY_UISupportedInterfaceOrientations = UIInterfaceOrientationPortrait;
				IPHONEOS_DEPLOYMENT_TARGET = 18.0;
				LD_RUNPATH_SEARCH_PATHS = (
					"$(inherited)",
					"@executable_path/Frameworks",
				);
				MARKETING_VERSION = 1.0;
				PRODUCT_BUNDLE_IDENTIFIER = com.enoch.Talkie;
				PRODUCT_NAME = "$(TARGET_NAME)";
				SWIFT_EMIT_LOC_STRINGS = YES;
				SWIFT_VERSION = 5.0;
				TARGETED_DEVICE_FAMILY = 1;
			};
			name = Debug;
		};
		TA0000000000000000000013 /* Release */ = {
			isa = XCBuildConfiguration;
			buildSettings = {
				ASSETCATALOG_COMPILER_APPICON_NAME = AppIcon;
				ASSETCATALOG_COMPILER_GENERATE_SWIFT_ASSET_SYMBOL_EXTENSIONS = YES;
				CODE_SIGN_STYLE = Automatic;
				CURRENT_PROJECT_VERSION = 1;
				DEVELOPMENT_TEAM = NVMKNFR76J;
				ENABLE_PREVIEWS = YES;
				GENERATE_INFOPLIST_FILE = YES;
				INFOPLIST_FILE = Config/Info.plist;
				INFOPLIST_KEY_CFBundleDisplayName = Talkie;
				INFOPLIST_KEY_NSBluetoothAlwaysUsageDescription = "Talkie uses Bluetooth to connect directly to a nearby iPhone so you can talk without a network.";
				INFOPLIST_KEY_NSCameraUsageDescription = "Talkie uses the camera to scan a channel's QR code so you can join it.";
				INFOPLIST_KEY_NSMicrophoneUsageDescription = "Talkie uses the microphone to send your voice to the person you are talking to.";
				INFOPLIST_KEY_UIApplicationSupportsIndirectInputEvents = YES;
				INFOPLIST_KEY_UILaunchScreen_Generation = YES;
				INFOPLIST_KEY_UISupportedInterfaceOrientations = UIInterfaceOrientationPortrait;
				IPHONEOS_DEPLOYMENT_TARGET = 18.0;
				LD_RUNPATH_SEARCH_PATHS = (
					"$(inherited)",
					"@executable_path/Frameworks",
				);
				MARKETING_VERSION = 1.0;
				PRODUCT_BUNDLE_IDENTIFIER = com.enoch.Talkie;
				PRODUCT_NAME = "$(TARGET_NAME)";
				SWIFT_EMIT_LOC_STRINGS = YES;
				SWIFT_VERSION = 5.0;
				TARGETED_DEVICE_FAMILY = 1;
			};
			name = Release;
		};
/* End XCBuildConfiguration section */

/* Begin XCConfigurationList section */
		TA000000000000000000000A /* Build configuration list for PBXNativeTarget "Talkie" */ = {
			isa = XCConfigurationList;
			buildConfigurations = (
				TA0000000000000000000012 /* Debug */,
				TA0000000000000000000013 /* Release */,
			);
			defaultConfigurationIsVisible = 0;
			defaultConfigurationName = Release;
		};
		TA000000000000000000000E /* Build configuration list for PBXProject "Talkie" */ = {
			isa = XCConfigurationList;
			buildConfigurations = (
				TA0000000000000000000010 /* Debug */,
				TA0000000000000000000011 /* Release */,
			);
			defaultConfigurationIsVisible = 0;
			defaultConfigurationName = Release;
		};
/* End XCConfigurationList section */

/* Begin XCLocalSwiftPackageReference section */
		TA000000000000000000000F /* XCLocalSwiftPackageReference "TalkieCore" */ = {
			isa = XCLocalSwiftPackageReference;
			relativePath = TalkieCore;
		};
/* End XCLocalSwiftPackageReference section */

/* Begin XCSwiftPackageProductDependency section */
		TA0000000000000000000002 /* TalkieCore */ = {
			isa = XCSwiftPackageProductDependency;
			productName = TalkieCore;
		};
/* End XCSwiftPackageProductDependency section */
	};
	rootObject = TA000000000000000000000D /* Project object */;
}
