{
  "originHash" : "7577b6a2b541362cbd2c5aec5ee6d205687de64dc7981a19add8c62c5097edf0",
  "pins" : [
    {
      "identity" : "ogg-binary-xcframework",
      "kind" : "remoteSourceControl",
      "location" : "https://github.com/sbooth/ogg-binary-xcframework",
      "state" : {
        "revision" : "48cbf24e7fb5d329b1f5e24cd2e5b048585ff770",
        "version" : "0.1.3"
      }
    },
    {
      "identity" : "opus-binary-xcframework",
      "kind" : "remoteSourceControl",
      "location" : "https://github.com/sbooth/opus-binary-xcframework",
      "state" : {
        "revision" : "8e23828b9d88f0ff1ff2d7c4bcb65739a4bdeff8",
        "version" : "0.3.0"
      }
    }
  ],
  "version" : 3
}
